
Microsoft Visual Studio Solution File, Format Version 12.00
# Visual Studio 14
VisualStudioVersion = 14.0.23107.0
MinimumVisualStudioVersion = 10.0.40219.1
Project("{FAE04EC0-301F-11D3-BF4B-00C04F79EFBC}") = "CovertToJson", "CovertToJson\CovertToJson.csproj", "{210ED1C6-FFC9-4AEC-9986-5A4E2156C26D}"
EndProject
Global
	GlobalSection(SolutionConfigurationPlatforms) = preSolution
		Debug|Any CPU = Debug|Any CPU
		Release|Any CPU = Release|Any CPU
	EndGlobalSection
	GlobalSection(ProjectConfigurationPlatforms) = postSolution
		{210ED1C6-FFC9-4AEC-9986-5A4E2156C26D}.Debug|Any CPU.ActiveCfg = Debug|Any CPU
		{210ED1C6-FFC9-4AEC-9986-5A4E2156C26D}.Debug|Any CPU.Build.0 = Debug|Any CPU
		{210ED1C6-FFC9-4AEC-9986-5A4E2156C26D}.Release|Any CPU.ActiveCfg = Release|Any CPU
		{210ED1C6-FFC9-4AEC-9986-5A4E2156C26D}.Release|Any CPU.Build.0 = Release|Any CPU
	EndGlobalSection
	GlobalSection(SolutionProperties) = preSolution
		HideSolutionNode = FALSE
	EndGlobalSection
EndGlobal
